
Microsoft Visual Studio Solution File, Format Version 12.00
# Visual Studio Version 17
VisualStudioVersion = 17.10.34928.147
MinimumVisualStudioVersion = 10.0.40219.1
Project("{8BC9CEB8-8B4A-11D0-8D11-00A0C91BC942}") = "smallpot.dll", "smallpot.dll\smallpot.dll.vcxproj", "{66995D82-6C0D-4DBD-A573-08D80FA436FA}"
EndProject
Project("{8BC9CEB8-8B4A-11D0-8D11-00A0C91BC942}") = "SmallPot", "src\smallpot.vcxproj", "{BA5597D9-DBCC-45C4-AA58-8D691764A191}"
EndProject
Global
	GlobalSection(SolutionConfigurationPlatforms) = preSolution
		Debug|x64 = Debug|x64
		Release|x64 = Release|x64
	EndGlobalSection
	GlobalSection(ProjectConfigurationPlatforms) = postSolution
		{66995D82-6C0D-4DBD-A573-08D80FA436FA}.Debug|x64.ActiveCfg = Debug|x64
		{66995D82-6C0D-4DBD-A573-08D80FA436FA}.Debug|x64.Build.0 = Debug|x64
		{66995D82-6C0D-4DBD-A573-08D80FA436FA}.Release|x64.ActiveCfg = Release|x64
		{66995D82-6C0D-4DBD-A573-08D80FA436FA}.Release|x64.Build.0 = Release|x64
		{BA5597D9-DBCC-45C4-AA58-8D691764A191}.Debug|x64.ActiveCfg = Debug|x64
		{BA5597D9-DBCC-45C4-AA58-8D691764A191}.Debug|x64.Build.0 = Debug|x64
		{BA5597D9-DBCC-45C4-AA58-8D691764A191}.Release|x64.ActiveCfg = Release|x64
		{BA5597D9-DBCC-45C4-AA58-8D691764A191}.Release|x64.Build.0 = Release|x64
	EndGlobalSection
	GlobalSection(SolutionProperties) = preSolution
		HideSolutionNode = FALSE
	EndGlobalSection
	GlobalSection(ExtensibilityGlobals) = postSolution
		SolutionGuid = {6C848948-63DA-427E-8771-945A9620F384}
	EndGlobalSection
EndGlobal
