<?xml version="1.0" encoding="utf-8"?>
<Project ToolsVersion="4.0" xmlns="http://schemas.microsoft.com/developer/msbuild/2003">
  <ItemGroup>
    <Filter Include="源文件">
      <UniqueIdentifier>{4FC737F1-C7A5-4376-A066-2A32D752A2FF}</UniqueIdentifier>
      <Extensions>cpp;c;cc;cxx;c++;cppm;ixx;def;odl;idl;hpj;bat;asm;asmx</Extensions>
    </Filter>
    <Filter Include="头文件">
      <UniqueIdentifier>{93995380-89BD-4b04-88EB-625FBE52EBFB}</UniqueIdentifier>
      <Extensions>h;hh;hpp;hxx;h++;hm;inl;inc;ipp;xsd</Extensions>
    </Filter>
    <Filter Include="资源文件">
      <UniqueIdentifier>{67DA6AB6-F800-4c08-8B7A-83BB121AAD01}</UniqueIdentifier>
      <Extensions>rc;ico;cur;bmp;dlg;rc2;rct;bin;rgs;gif;jpg;jpeg;jpe;resx;tiff;tif;png;wav;mfcribbon-ms</Extensions>
    </Filter>
  </ItemGroup>
  <ItemGroup>
    <ClInclude Include="PotDll.h">
      <Filter>头文件</Filter>
    </ClInclude>
    <ClInclude Include="..\src\Config.h">
      <Filter>头文件</Filter>
    </ClInclude>
    <ClInclude Include="..\src\Font.h">
      <Filter>头文件</Filter>
    </ClInclude>
    <ClInclude Include="..\src\PotBase.h">
      <Filter>头文件</Filter>
    </ClInclude>
    <ClInclude Include="..\src\PotConv.h">
      <Filter>头文件</Filter>
    </ClInclude>
    <ClInclude Include="..\src\PotMedia.h">
      <Filter>头文件</Filter>
    </ClInclude>
    <ClInclude Include="..\src\PotPlayer.h">
      <Filter>头文件</Filter>
    </ClInclude>
    <ClInclude Include="..\src\PotResample.h">
      <Filter>头文件</Filter>
    </ClInclude>
    <ClInclude Include="..\src\PotStream.h">
      <Filter>头文件</Filter>
    </ClInclude>
    <ClInclude Include="..\src\PotStreamAudio.h">
      <Filter>头文件</Filter>
    </ClInclude>
    <ClInclude Include="..\src\PotStreamSubtitle.h">
      <Filter>头文件</Filter>
    </ClInclude>
    <ClInclude Include="..\src\PotStreamVideo.h">
      <Filter>头文件</Filter>
    </ClInclude>
    <ClInclude Include="..\src\PotSubtitle.h">
      <Filter>头文件</Filter>
    </ClInclude>
    <ClInclude Include="..\src\PotSubtitleAss.h">
      <Filter>头文件</Filter>
    </ClInclude>
    <ClInclude Include="..\src\PotSubtitleManager.h">
      <Filter>头文件</Filter>
    </ClInclude>
    <ClInclude Include="..\src\PotSubtitleSrt.h">
      <Filter>头文件</Filter>
    </ClInclude>
    <ClInclude Include="..\src\PotUI.h">
      <Filter>头文件</Filter>
    </ClInclude>
    <ClInclude Include="..\src\others\text_encoding_detect.h">
      <Filter>头文件</Filter>
    </ClInclude>
    <ClInclude Include="..\..\mlcc\strfunc.h">
      <Filter>头文件</Filter>
    </ClInclude>
    <ClInclude Include="..\mlcc\filefunc.h">
      <Filter>头文件</Filter>
    </ClInclude>
    <ClInclude Include="..\src\Engine.h">
      <Filter>头文件</Filter>
    </ClInclude>
  </ItemGroup>
  <ItemGroup>
    <ClCompile Include="PotDll.cpp">
      <Filter>源文件</Filter>
    </ClCompile>
    <ClCompile Include="..\src\PotUI.cpp">
      <Filter>源文件</Filter>
    </ClCompile>
    <ClCompile Include="..\src\Config.cpp">
      <Filter>源文件</Filter>
    </ClCompile>
    <ClCompile Include="..\src\Font.cpp">
      <Filter>源文件</Filter>
    </ClCompile>
    <ClCompile Include="..\src\pot.cpp">
      <Filter>源文件</Filter>
    </ClCompile>
    <ClCompile Include="..\src\PotBase.cpp">
      <Filter>源文件</Filter>
    </ClCompile>
    <ClCompile Include="..\src\PotConv.cpp">
      <Filter>源文件</Filter>
    </ClCompile>
    <ClCompile Include="..\src\PotMedia.cpp">
      <Filter>源文件</Filter>
    </ClCompile>
    <ClCompile Include="..\src\PotPlayer.cpp">
      <Filter>源文件</Filter>
    </ClCompile>
    <ClCompile Include="..\src\PotResample.cpp">
      <Filter>源文件</Filter>
    </ClCompile>
    <ClCompile Include="..\src\PotStream.cpp">
      <Filter>源文件</Filter>
    </ClCompile>
    <ClCompile Include="..\src\PotStreamAudio.cpp">
      <Filter>源文件</Filter>
    </ClCompile>
    <ClCompile Include="..\src\PotStreamSubtitle.cpp">
      <Filter>源文件</Filter>
    </ClCompile>
    <ClCompile Include="..\src\PotStreamVideo.cpp">
      <Filter>源文件</Filter>
    </ClCompile>
    <ClCompile Include="..\src\PotSubtitle.cpp">
      <Filter>源文件</Filter>
    </ClCompile>
    <ClCompile Include="..\src\PotSubtitleAss.cpp">
      <Filter>源文件</Filter>
    </ClCompile>
    <ClCompile Include="..\src\PotSubtitleManager.cpp">
      <Filter>源文件</Filter>
    </ClCompile>
    <ClCompile Include="..\src\PotSubtitleSrt.cpp">
      <Filter>源文件</Filter>
    </ClCompile>
    <ClCompile Include="..\src\others\text_encoding_detect.cpp">
      <Filter>源文件</Filter>
    </ClCompile>
    <ClCompile Include="..\mlcc\strfunc.cpp">
      <Filter>源文件</Filter>
    </ClCompile>
    <ClCompile Include="..\mlcc\filefunc.cpp">
      <Filter>源文件</Filter>
    </ClCompile>
    <ClCompile Include="..\src\Engine.cpp">
      <Filter>源文件</Filter>
    </ClCompile>
  </ItemGroup>
</Project>