<?xml version="1.0" encoding="utf-8"?>
<Project ToolsVersion="4.0" xmlns="http://schemas.microsoft.com/developer/msbuild/2003">
  <ItemGroup>
    <Filter Include="Source Files">
      <UniqueIdentifier>{4FC737F1-C7A5-4376-A066-2A32D752A2FF}</UniqueIdentifier>
      <Extensions>cpp;c;cc;cxx;def;odl;idl;hpj;bat;asm;asmx</Extensions>
    </Filter>
    <Filter Include="Header Files">
      <UniqueIdentifier>{93995380-89BD-4b04-88EB-625FBE52EBFB}</UniqueIdentifier>
      <Extensions>h;hh;hpp;hxx;hm;inl;inc;xsd</Extensions>
    </Filter>
    <Filter Include="Resource Files">
      <UniqueIdentifier>{67DA6AB6-F800-4c08-8B7A-83BB121AAD01}</UniqueIdentifier>
      <Extensions>rc;ico;cur;bmp;dlg;rc2;rct;bin;rgs;gif;jpg;jpeg;jpe;resx;tiff;tif;png;wav;mfcribbon-ms</Extensions>
    </Filter>
    <Filter Include="tinyxml2">
      <UniqueIdentifier>{de0d4753-806b-480c-b769-2e22c4263679}</UniqueIdentifier>
    </Filter>
    <Filter Include="hash">
      <UniqueIdentifier>{3812f944-8811-4cd1-ba86-7b5a234a7005}</UniqueIdentifier>
    </Filter>
  </ItemGroup>
  <ItemGroup>
    <Text Include="ReadMe.txt" />
  </ItemGroup>
  <ItemGroup>
    <ClCompile Include="BigPot.cpp">
      <Filter>Source Files</Filter>
    </ClCompile>
    <ClCompile Include="BigPotPlayer.cpp">
      <Filter>Source Files</Filter>
    </ClCompile>
    <ClCompile Include="BigPotMedia.cpp">
      <Filter>Source Files</Filter>
    </ClCompile>
    <ClCompile Include="BigPotResample.cpp">
      <Filter>Source Files</Filter>
    </ClCompile>
    <ClCompile Include="BigPotBase.cpp">
      <Filter>Source Files</Filter>
    </ClCompile>
    <ClCompile Include="BigPotConfig.cpp">
      <Filter>Source Files</Filter>
    </ClCompile>
    <ClCompile Include="BigPotUI.cpp">
      <Filter>Source Files</Filter>
    </ClCompile>
    <ClCompile Include="BigPotConv.cpp">
      <Filter>Source Files</Filter>
    </ClCompile>
    <ClCompile Include="BigPotEngine.cpp">
      <Filter>Source Files</Filter>
    </ClCompile>
    <ClCompile Include="BigPotSubtitle.cpp">
      <Filter>Source Files</Filter>
    </ClCompile>
    <ClCompile Include="BigPotSubtitleSrt.cpp">
      <Filter>Source Files</Filter>
    </ClCompile>
    <ClCompile Include="BigPotSubtitleAss.cpp">
      <Filter>Source Files</Filter>
    </ClCompile>
    <ClCompile Include="BigPotSubtitleFactory.cpp">
      <Filter>Source Files</Filter>
    </ClCompile>
    <ClCompile Include="tinyxml2\tinyxml2.cpp">
      <Filter>tinyxml2</Filter>
    </ClCompile>
    <ClCompile Include="hash\sha3.cpp">
      <Filter>hash</Filter>
    </ClCompile>
    <ClCompile Include="BigPotString.cpp">
      <Filter>Source Files</Filter>
    </ClCompile>
    <ClCompile Include="BigPotStream.cpp">
      <Filter>Source Files</Filter>
    </ClCompile>
    <ClCompile Include="BigPotStreamVideo.cpp">
      <Filter>Source Files</Filter>
    </ClCompile>
    <ClCompile Include="BigPotStreamAudio.cpp">
      <Filter>Source Files</Filter>
    </ClCompile>
    <ClCompile Include="BigPotStreamSubtitle.cpp">
      <Filter>Source Files</Filter>
    </ClCompile>
  </ItemGroup>
  <ItemGroup>
    <ClInclude Include="BigPotPlayer.h">
      <Filter>Header Files</Filter>
    </ClInclude>
    <ClInclude Include="BigPotMedia.h">
      <Filter>Header Files</Filter>
    </ClInclude>
    <ClInclude Include="BigPotResample.h">
      <Filter>Header Files</Filter>
    </ClInclude>
    <ClInclude Include="resource.h">
      <Filter>Header Files</Filter>
    </ClInclude>
    <ClInclude Include="BigPotBase.h">
      <Filter>Header Files</Filter>
    </ClInclude>
    <ClInclude Include="BigPotConfig.h">
      <Filter>Header Files</Filter>
    </ClInclude>
    <ClInclude Include="BigPotUI.h">
      <Filter>Header Files</Filter>
    </ClInclude>
    <ClInclude Include="BigPotConv.h">
      <Filter>Header Files</Filter>
    </ClInclude>
    <ClInclude Include="BigPotEngine.h">
      <Filter>Header Files</Filter>
    </ClInclude>
    <ClInclude Include="BigPotSubtitle.h">
      <Filter>Header Files</Filter>
    </ClInclude>
    <ClInclude Include="BigPotSubtitleSrt.h">
      <Filter>Header Files</Filter>
    </ClInclude>
    <ClInclude Include="BigPotSubtitleAss.h">
      <Filter>Header Files</Filter>
    </ClInclude>
    <ClInclude Include="BigPotSubtitleFactory.h">
      <Filter>Header Files</Filter>
    </ClInclude>
    <ClInclude Include="tinyxml2\tinyxml2.h">
      <Filter>tinyxml2</Filter>
    </ClInclude>
    <ClInclude Include="hash\sha3.h">
      <Filter>hash</Filter>
    </ClInclude>
    <ClInclude Include="BigPotString.h">
      <Filter>Header Files</Filter>
    </ClInclude>
    <ClInclude Include="BigPotStream.h">
      <Filter>Header Files</Filter>
    </ClInclude>
    <ClInclude Include="BigPotStreamVideo.h">
      <Filter>Header Files</Filter>
    </ClInclude>
    <ClInclude Include="BigPotStreamAudio.h">
      <Filter>Header Files</Filter>
    </ClInclude>
    <ClInclude Include="BigPotStreamSubtitle.h">
      <Filter>Header Files</Filter>
    </ClInclude>
  </ItemGroup>
  <ItemGroup>
    <ResourceCompile Include="BigPot.rc">
      <Filter>Resource Files</Filter>
    </ResourceCompile>
  </ItemGroup>
  <ItemGroup>
    <Image Include="bigpot.ico">
      <Filter>Resource Files</Filter>
    </Image>
  </ItemGroup>
</Project>