<?xml version="1.0" encoding="utf-8"?>
<Project ToolsVersion="4.0" xmlns="http://schemas.microsoft.com/developer/msbuild/2003">
  <ItemGroup>
    <Filter Include="Source Files">
      <UniqueIdentifier>{4FC737F1-C7A5-4376-A066-2A32D752A2FF}</UniqueIdentifier>
      <Extensions>cpp;c;cc;cxx;def;odl;idl;hpj;bat;asm;asmx</Extensions>
    </Filter>
    <Filter Include="Header Files">
      <UniqueIdentifier>{93995380-89BD-4b04-88EB-625FBE52EBFB}</UniqueIdentifier>
      <Extensions>h;hh;hpp;hxx;hm;inl;inc;xsd</Extensions>
    </Filter>
    <Filter Include="Resource Files">
      <UniqueIdentifier>{67DA6AB6-F800-4c08-8B7A-83BB121AAD01}</UniqueIdentifier>
      <Extensions>rc;ico;cur;bmp;dlg;rc2;rct;bin;rgs;gif;jpg;jpeg;jpe;resx;tiff;tif;png;wav;mfcribbon-ms</Extensions>
    </Filter>
    <Filter Include="others">
      <UniqueIdentifier>{868fc8b2-9fbe-4988-9e59-d03867dd4046}</UniqueIdentifier>
    </Filter>
  </ItemGroup>
  <ItemGroup>
    <ClInclude Include="Config.h">
      <Filter>Header Files</Filter>
    </ClInclude>
    <ClInclude Include="Font.h">
      <Filter>Header Files</Filter>
    </ClInclude>
    <ClInclude Include="PotBase.h">
      <Filter>Header Files</Filter>
    </ClInclude>
    <ClInclude Include="PotMedia.h">
      <Filter>Header Files</Filter>
    </ClInclude>
    <ClInclude Include="PotPlayer.h">
      <Filter>Header Files</Filter>
    </ClInclude>
    <ClInclude Include="PotResample.h">
      <Filter>Header Files</Filter>
    </ClInclude>
    <ClInclude Include="PotStream.h">
      <Filter>Header Files</Filter>
    </ClInclude>
    <ClInclude Include="PotStreamAudio.h">
      <Filter>Header Files</Filter>
    </ClInclude>
    <ClInclude Include="PotStreamSubtitle.h">
      <Filter>Header Files</Filter>
    </ClInclude>
    <ClInclude Include="PotStreamVideo.h">
      <Filter>Header Files</Filter>
    </ClInclude>
    <ClInclude Include="PotSubtitle.h">
      <Filter>Header Files</Filter>
    </ClInclude>
    <ClInclude Include="PotSubtitleAss.h">
      <Filter>Header Files</Filter>
    </ClInclude>
    <ClInclude Include="PotSubtitleManager.h">
      <Filter>Header Files</Filter>
    </ClInclude>
    <ClInclude Include="PotSubtitleSrt.h">
      <Filter>Header Files</Filter>
    </ClInclude>
    <ClInclude Include="PotUI.h">
      <Filter>Header Files</Filter>
    </ClInclude>
    <ClInclude Include="resource.h">
      <Filter>Header Files</Filter>
    </ClInclude>
    <ClInclude Include="others\text_encoding_detect.h">
      <Filter>Header Files</Filter>
    </ClInclude>
    <ClInclude Include="resource.h">
      <Filter>Resource Files</Filter>
    </ClInclude>
    <ClInclude Include="Engine.h">
      <Filter>Header Files</Filter>
    </ClInclude>
    <ClInclude Include="PotConv.h">
      <Filter>Header Files</Filter>
    </ClInclude>
    <ClInclude Include="FakeJson.h">
      <Filter>Header Files</Filter>
    </ClInclude>
    <ClInclude Include="filefunc.h">
      <Filter>Header Files</Filter>
    </ClInclude>
    <ClInclude Include="strfunc.h">
      <Filter>Header Files</Filter>
    </ClInclude>
    <ClInclude Include="Timer.h">
      <Filter>Header Files</Filter>
    </ClInclude>
  </ItemGroup>
  <ItemGroup>
    <Text Include="CMakeLists.txt" />
  </ItemGroup>
  <ItemGroup>
    <ClCompile Include="PotUI.cpp">
      <Filter>Source Files</Filter>
    </ClCompile>
    <ClCompile Include="Config.cpp">
      <Filter>Source Files</Filter>
    </ClCompile>
    <ClCompile Include="Font.cpp">
      <Filter>Source Files</Filter>
    </ClCompile>
    <ClCompile Include="pot.cpp">
      <Filter>Source Files</Filter>
    </ClCompile>
    <ClCompile Include="PotBase.cpp">
      <Filter>Source Files</Filter>
    </ClCompile>
    <ClCompile Include="PotMedia.cpp">
      <Filter>Source Files</Filter>
    </ClCompile>
    <ClCompile Include="PotPlayer.cpp">
      <Filter>Source Files</Filter>
    </ClCompile>
    <ClCompile Include="PotResample.cpp">
      <Filter>Source Files</Filter>
    </ClCompile>
    <ClCompile Include="PotStream.cpp">
      <Filter>Source Files</Filter>
    </ClCompile>
    <ClCompile Include="PotStreamAudio.cpp">
      <Filter>Source Files</Filter>
    </ClCompile>
    <ClCompile Include="PotStreamSubtitle.cpp">
      <Filter>Source Files</Filter>
    </ClCompile>
    <ClCompile Include="PotStreamVideo.cpp">
      <Filter>Source Files</Filter>
    </ClCompile>
    <ClCompile Include="PotSubtitle.cpp">
      <Filter>Source Files</Filter>
    </ClCompile>
    <ClCompile Include="PotSubtitleAss.cpp">
      <Filter>Source Files</Filter>
    </ClCompile>
    <ClCompile Include="PotSubtitleManager.cpp">
      <Filter>Source Files</Filter>
    </ClCompile>
    <ClCompile Include="PotSubtitleSrt.cpp">
      <Filter>Source Files</Filter>
    </ClCompile>
    <ClCompile Include="others\text_encoding_detect.cpp">
      <Filter>Source Files</Filter>
    </ClCompile>
    <ClCompile Include="Engine.cpp">
      <Filter>Source Files</Filter>
    </ClCompile>
    <ClCompile Include="PotConv.cpp">
      <Filter>Source Files</Filter>
    </ClCompile>
    <ClCompile Include="filefunc.cpp">
      <Filter>Source Files</Filter>
    </ClCompile>
    <ClCompile Include="strfunc.cpp">
      <Filter>Source Files</Filter>
    </ClCompile>
  </ItemGroup>
  <ItemGroup>
    <Image Include="pot.ico">
      <Filter>Resource Files</Filter>
    </Image>
  </ItemGroup>
  <ItemGroup>
    <ResourceCompile Include="pot.rc">
      <Filter>Resource Files</Filter>
    </ResourceCompile>
  </ItemGroup>
</Project>